
Microsoft Visual Studio Solution File, Format Version 12.00
# Visual Studio Version 16
VisualStudioVersion = 16.0.29806.167
MinimumVisualStudioVersion = 10.0.40219.1
Project("{FAE04EC0-301F-11D3-BF4B-00C04F79EFBC}") = "Likanica", "Likanica.csproj", "{BE0BF7BD-BD40-4924-9688-F562B476B37B}"
EndProject
Global
	GlobalSection(SolutionConfigurationPlatforms) = preSolution
		Debug|Any CPU = Debug|Any CPU
		Release|Any CPU = Release|Any CPU
	EndGlobalSection
	GlobalSection(ProjectConfigurationPlatforms) = postSolution
		{BE0BF7BD-BD40-4924-9688-F562B476B37B}.Debug|Any CPU.ActiveCfg = Debug|Any CPU
		{BE0BF7BD-BD40-4924-9688-F562B476B37B}.Debug|Any CPU.Build.0 = Debug|Any CPU
		{BE0BF7BD-BD40-4924-9688-F562B476B37B}.Release|Any CPU.ActiveCfg = Release|Any CPU
		{BE0BF7BD-BD40-4924-9688-F562B476B37B}.Release|Any CPU.Build.0 = Release|Any CPU
	EndGlobalSection
	GlobalSection(SolutionProperties) = preSolution
		HideSolutionNode = FALSE
	EndGlobalSection
	GlobalSection(ExtensibilityGlobals) = postSolution
		SolutionGuid = {4E24C082-DB08-4234-9E85-C3BD9597D227}
	EndGlobalSection
EndGlobal
